
Microsoft Visual Studio Solution File, Format Version 12.00
# Visual Studio Version 17
VisualStudioVersion = 17.2.32519.379
MinimumVisualStudioVersion = 10.0.40219.1
Project("{FAE04EC0-301F-11D3-BF4B-00C04F79EFBC}") = "iThings 1.0", "iThings 1.0\iThings 1.0.csproj", "{CE71521D-270C-42F5-97E6-1949BCF67FC4}"
EndProject
Global
	GlobalSection(SolutionConfigurationPlatforms) = preSolution
		Debug|Any CPU = Debug|Any CPU
		Release|Any CPU = Release|Any CPU
	EndGlobalSection
	GlobalSection(ProjectConfigurationPlatforms) = postSolution
		{CE71521D-270C-42F5-97E6-1949BCF67FC4}.Debug|Any CPU.ActiveCfg = Debug|Any CPU
		{CE71521D-270C-42F5-97E6-1949BCF67FC4}.Debug|Any CPU.Build.0 = Debug|Any CPU
		{CE71521D-270C-42F5-97E6-1949BCF67FC4}.Release|Any CPU.ActiveCfg = Release|Any CPU
		{CE71521D-270C-42F5-97E6-1949BCF67FC4}.Release|Any CPU.Build.0 = Release|Any CPU
	EndGlobalSection
	GlobalSection(SolutionProperties) = preSolution
		HideSolutionNode = FALSE
	EndGlobalSection
	GlobalSection(ExtensibilityGlobals) = postSolution
		SolutionGuid = {DC3D3E18-A9A1-4EBB-AE40-A17933541265}
	EndGlobalSection
EndGlobal
